// !$*UTF8*$!
{
	archiveVersion = 1;
	classes = {
	};
	objectVersion = 50;
	objects = {

/* Begin PBXFileReference section */
		797E4CDB2603E802008C11B1 /* lab10.cpp */ = {isa = PBXFileReference; lastKnownFileType = sourcecode.cpp.cpp; path = lab10.cpp; sourceTree = "<group>"; };
/* End PBXFileReference section */

/* Begin PBXGroup section */
		797E4CD42603E7F8008C11B1 = {
			isa = PBXGroup;
			children = (
				797E4CDB2603E802008C11B1 /* lab10.cpp */,
			);
			sourceTree = "<group>";
		};
/* End PBXGroup section */

/* Begin PBXProject section */
		797E4CD52603E7F8008C11B1 /* Project object */ = {
			isa = PBXProject;
			attributes = {
				LastUpgradeCheck = 1240;
			};
			buildConfigurationList = 797E4CD82603E7F8008C11B1 /* Build configuration list for PBXProject "lab10" */;
			compatibilityVersion = "Xcode 9.3";
			developmentRegion = en;
			hasScannedForEncodings = 0;
			knownRegions = (
				en,
				Base,
			);
			mainGroup = 797E4CD42603E7F8008C11B1;
			projectDirPath = "";
			projectRoot = "";
			targets = (
			);
		};
/* End PBXProject section */

/* Begin XCBuildConfiguration section */
		797E4CD92603E7F8008C11B1 /* Debug */ = {
			isa = XCBuildConfiguration;
			buildSettings = {
			};
			name = Debug;
		};
		797E4CDA2603E7F8008C11B1 /* Release */ = {
			isa = XCBuildConfiguration;
			buildSettings = {
			};
			name = Release;
		};
/* End XCBuildConfiguration section */

/* Begin XCConfigurationList section */
		797E4CD82603E7F8008C11B1 /* Build configuration list for PBXProject "lab10" */ = {
			isa = XCConfigurationList;
			buildConfigurations = (
				797E4CD92603E7F8008C11B1 /* Debug */,
				797E4CDA2603E7F8008C11B1 /* Release */,
			);
			defaultConfigurationIsVisible = 0;
			defaultConfigurationName = Release;
		};
/* End XCConfigurationList section */
	};
	rootObject = 797E4CD52603E7F8008C11B1 /* Project object */;
}
