// !$*UTF8*$!
{
	archiveVersion = 1;
	classes = {
	};
	objectVersion = 50;
	objects = {

/* Begin PBXFileReference section */
		79109403261D133200DF1723 /* MPDivisibility.cpp */ = {isa = PBXFileReference; lastKnownFileType = sourcecode.cpp.cpp; path = MPDivisibility.cpp; sourceTree = "<group>"; };
/* End PBXFileReference section */

/* Begin PBXGroup section */
		791093FC261D131F00DF1723 = {
			isa = PBXGroup;
			children = (
				79109403261D133200DF1723 /* MPDivisibility.cpp */,
			);
			sourceTree = "<group>";
		};
/* End PBXGroup section */

/* Begin PBXProject section */
		791093FD261D131F00DF1723 /* Project object */ = {
			isa = PBXProject;
			attributes = {
				LastUpgradeCheck = 1240;
			};
			buildConfigurationList = 79109400261D131F00DF1723 /* Build configuration list for PBXProject "MPDivisibility" */;
			compatibilityVersion = "Xcode 9.3";
			developmentRegion = en;
			hasScannedForEncodings = 0;
			knownRegions = (
				en,
				Base,
			);
			mainGroup = 791093FC261D131F00DF1723;
			projectDirPath = "";
			projectRoot = "";
			targets = (
			);
		};
/* End PBXProject section */

/* Begin XCBuildConfiguration section */
		79109401261D131F00DF1723 /* Debug */ = {
			isa = XCBuildConfiguration;
			buildSettings = {
			};
			name = Debug;
		};
		79109402261D131F00DF1723 /* Release */ = {
			isa = XCBuildConfiguration;
			buildSettings = {
			};
			name = Release;
		};
/* End XCBuildConfiguration section */

/* Begin XCConfigurationList section */
		79109400261D131F00DF1723 /* Build configuration list for PBXProject "MPDivisibility" */ = {
			isa = XCConfigurationList;
			buildConfigurations = (
				79109401261D131F00DF1723 /* Debug */,
				79109402261D131F00DF1723 /* Release */,
			);
			defaultConfigurationIsVisible = 0;
			defaultConfigurationName = Release;
		};
/* End XCConfigurationList section */
	};
	rootObject = 791093FD261D131F00DF1723 /* Project object */;
}
