// !$*UTF8*$!
{
	archiveVersion = 1;
	classes = {
	};
	objectVersion = 50;
	objects = {

/* Begin PBXFileReference section */
		79CF23C5260D23CF0098012A /* lab11jonathannelson.cpp */ = {isa = PBXFileReference; lastKnownFileType = sourcecode.cpp.cpp; path = lab11jonathannelson.cpp; sourceTree = "<group>"; };
/* End PBXFileReference section */

/* Begin PBXGroup section */
		79CF23BE260D23C00098012A = {
			isa = PBXGroup;
			children = (
				79CF23C5260D23CF0098012A /* lab11jonathannelson.cpp */,
			);
			sourceTree = "<group>";
		};
/* End PBXGroup section */

/* Begin PBXProject section */
		79CF23BF260D23C00098012A /* Project object */ = {
			isa = PBXProject;
			attributes = {
				LastUpgradeCheck = 1240;
			};
			buildConfigurationList = 79CF23C2260D23C00098012A /* Build configuration list for PBXProject "lab11" */;
			compatibilityVersion = "Xcode 9.3";
			developmentRegion = en;
			hasScannedForEncodings = 0;
			knownRegions = (
				en,
				Base,
			);
			mainGroup = 79CF23BE260D23C00098012A;
			projectDirPath = "";
			projectRoot = "";
			targets = (
			);
		};
/* End PBXProject section */

/* Begin XCBuildConfiguration section */
		79CF23C3260D23C00098012A /* Debug */ = {
			isa = XCBuildConfiguration;
			buildSettings = {
			};
			name = Debug;
		};
		79CF23C4260D23C00098012A /* Release */ = {
			isa = XCBuildConfiguration;
			buildSettings = {
			};
			name = Release;
		};
/* End XCBuildConfiguration section */

/* Begin XCConfigurationList section */
		79CF23C2260D23C00098012A /* Build configuration list for PBXProject "lab11" */ = {
			isa = XCConfigurationList;
			buildConfigurations = (
				79CF23C3260D23C00098012A /* Debug */,
				79CF23C4260D23C00098012A /* Release */,
			);
			defaultConfigurationIsVisible = 0;
			defaultConfigurationName = Release;
		};
/* End XCConfigurationList section */
	};
	rootObject = 79CF23BF260D23C00098012A /* Project object */;
}
