// !$*UTF8*$!
{
	archiveVersion = 1;
	classes = {
	};
	objectVersion = 50;
	objects = {

/* Begin PBXFileReference section */
		797847BC26000181007EFEFC /* Prog1jonathannelson.cpp */ = {isa = PBXFileReference; lastKnownFileType = sourcecode.cpp.cpp; path = Prog1jonathannelson.cpp; sourceTree = "<group>"; };
/* End PBXFileReference section */

/* Begin PBXGroup section */
		797847B52600016F007EFEFC = {
			isa = PBXGroup;
			children = (
				797847BC26000181007EFEFC /* Prog1jonathannelson.cpp */,
			);
			sourceTree = "<group>";
		};
/* End PBXGroup section */

/* Begin PBXProject section */
		797847B62600016F007EFEFC /* Project object */ = {
			isa = PBXProject;
			attributes = {
				LastUpgradeCheck = 1240;
			};
			buildConfigurationList = 797847B92600016F007EFEFC /* Build configuration list for PBXProject "Prog1" */;
			compatibilityVersion = "Xcode 9.3";
			developmentRegion = en;
			hasScannedForEncodings = 0;
			knownRegions = (
				en,
				Base,
			);
			mainGroup = 797847B52600016F007EFEFC;
			projectDirPath = "";
			projectRoot = "";
			targets = (
			);
		};
/* End PBXProject section */

/* Begin XCBuildConfiguration section */
		797847BA2600016F007EFEFC /* Debug */ = {
			isa = XCBuildConfiguration;
			buildSettings = {
			};
			name = Debug;
		};
		797847BB2600016F007EFEFC /* Release */ = {
			isa = XCBuildConfiguration;
			buildSettings = {
			};
			name = Release;
		};
/* End XCBuildConfiguration section */

/* Begin XCConfigurationList section */
		797847B92600016F007EFEFC /* Build configuration list for PBXProject "Prog1" */ = {
			isa = XCConfigurationList;
			buildConfigurations = (
				797847BA2600016F007EFEFC /* Debug */,
				797847BB2600016F007EFEFC /* Release */,
			);
			defaultConfigurationIsVisible = 0;
			defaultConfigurationName = Release;
		};
/* End XCConfigurationList section */
	};
	rootObject = 797847B62600016F007EFEFC /* Project object */;
}
